
Microsoft Visual Studio Solution File, Format Version 12.00
# Visual Studio Version 17
VisualStudioVersion = 17.6.33815.320
MinimumVisualStudioVersion = 10.0.40219.1
Project("{54A90642-561A-4BB1-A94E-469ADEE60C69}") = "kingjames", "kingjames.esproj", "{4AA1DE25-D3C5-4D11-A12A-BAA93835D7CE}"
EndProject
Global
	GlobalSection(SolutionConfigurationPlatforms) = preSolution
		Debug|Any CPU = Debug|Any CPU
		Release|Any CPU = Release|Any CPU
	EndGlobalSection
	GlobalSection(ProjectConfigurationPlatforms) = postSolution
		{4AA1DE25-D3C5-4D11-A12A-BAA93835D7CE}.Debug|Any CPU.ActiveCfg = Debug|Any CPU
		{4AA1DE25-D3C5-4D11-A12A-BAA93835D7CE}.Debug|Any CPU.Build.0 = Debug|Any CPU
		{4AA1DE25-D3C5-4D11-A12A-BAA93835D7CE}.Debug|Any CPU.Deploy.0 = Debug|Any CPU
		{4AA1DE25-D3C5-4D11-A12A-BAA93835D7CE}.Release|Any CPU.ActiveCfg = Release|Any CPU
		{4AA1DE25-D3C5-4D11-A12A-BAA93835D7CE}.Release|Any CPU.Build.0 = Release|Any CPU
		{4AA1DE25-D3C5-4D11-A12A-BAA93835D7CE}.Release|Any CPU.Deploy.0 = Release|Any CPU
	EndGlobalSection
	GlobalSection(SolutionProperties) = preSolution
		HideSolutionNode = FALSE
	EndGlobalSection
	GlobalSection(ExtensibilityGlobals) = postSolution
		SolutionGuid = {F2107DF9-38E4-4BDF-B464-EDA5CD5391F8}
	EndGlobalSection
EndGlobal
